{
	"name": "sol-engine",
	"version": "",
	"lockfileVersion": 1,
	"requires": true,
	"dependencies": {
		"@rollup/plugin-image": {
			"version": "2.0.5",
			"resolved": "https://registry.npmjs.org/@rollup/plugin-image/-/plugin-image-2.0.5.tgz",
			"integrity": "sha512-R+yGLJjLN1won2JlZPZmdlyZGLZwwsW8V/RYu3mTcRq8Aqd9GC2fo4Zi892bFteM5LolfbpxK8Y9QQcAhbBwSQ==",
			"dev": true,
			"requires": {
				"@rollup/pluginutils": "^3.0.4",
				"mini-svg-data-uri": "^1.1.3"
			}
		},
		"@rollup/pluginutils": {
			"version": "3.1.0",
			"resolved": "https://registry.npmjs.org/@rollup/pluginutils/-/pluginutils-3.1.0.tgz",
			"integrity": "sha512-GksZ6pr6TpIjHm8h9lSQ8pi8BE9VeubNT0OMJ3B5uZJ8pz73NPiqOtCog/x2/QzM1ENChPKxMDhiQuRHsqc+lg==",
			"dev": true,
			"requires": {
				"@types/estree": "0.0.39",
				"estree-walker": "^1.0.1",
				"picomatch": "^2.2.2"
			}
		},
		"@types/estree": {
			"version": "0.0.39",
			"resolved": "https://registry.npmjs.org/@types/estree/-/estree-0.0.39.tgz",
			"integrity": "sha512-EYNwp3bU+98cpU4lAWYYL7Zz+2gryWH1qbdDTidVd6hkiR6weksdbMadyXKXNPEkQFhXM+hVO9ZygomHXp+AIw==",
			"dev": true
		},
		"commander": {
			"version": "2.13.0",
			"resolved": "https://registry.npmjs.org/commander/-/commander-2.13.0.tgz",
			"integrity": "sha512-MVuS359B+YzaWqjCL/c+22gfryv+mCBPHAv3zyVI2GN8EY6IRP8VwtasXn8jyyhvvq84R4ImN1OKRtcbIasjYA==",
			"dev": true
		},
		"estree-walker": {
			"version": "1.0.1",
			"resolved": "https://registry.npmjs.org/estree-walker/-/estree-walker-1.0.1.tgz",
			"integrity": "sha512-1fMXF3YP4pZZVozF8j/ZLfvnR8NSIljt56UhbZ5PeeDmmGHpgpdwQt7ITlGvYaQukCvuBRMLEiKiYC+oeIg4cg==",
			"dev": true
		},
		"fsevents": {
			"version": "2.1.3",
			"resolved": "https://registry.npmjs.org/fsevents/-/fsevents-2.1.3.tgz",
			"integrity": "sha512-Auw9a4AxqWpa9GUfj370BMPzzyncfBABW8Mab7BGWBYDj4Isgq+cDKtx0i6u9jcX9pQDnswsaaOTgTmA5pEjuQ==",
			"dev": true,
			"optional": true
		},
		"js-cleanup": {
			"version": "1.2.0",
			"resolved": "https://registry.npmjs.org/js-cleanup/-/js-cleanup-1.2.0.tgz",
			"integrity": "sha512-JeDD0yiiSt80fXzAVa/crrS0JDPQljyBG/RpOtaSbyDq03VHa9szJWMaWOYU/bcTn412uMN2MxApXq8v79cUiQ==",
			"dev": true,
			"requires": {
				"magic-string": "^0.25.7",
				"perf-regexes": "^1.0.1",
				"skip-regex": "^1.0.2"
			},
			"dependencies": {
				"magic-string": {
					"version": "0.25.7",
					"resolved": "https://registry.npmjs.org/magic-string/-/magic-string-0.25.7.tgz",
					"integrity": "sha512-4CrMT5DOHTDk4HYDlzmwu4FVCcIYI8gauveasrdCu2IKIFOJ3f0v/8MDGJCDL9oD2ppz/Av1b0Nj345H9M+XIA==",
					"dev": true,
					"requires": {
						"sourcemap-codec": "^1.4.4"
					}
				}
			}
		},
		"magic-string": {
			"version": "0.21.3",
			"resolved": "https://registry.npmjs.org/magic-string/-/magic-string-0.21.3.tgz",
			"integrity": "sha1-h+IBAJ6/3m9G3FdXMFpwr3HjFiQ=",
			"dev": true,
			"requires": {
				"vlq": "^0.2.1"
			}
		},
		"mini-svg-data-uri": {
			"version": "1.2.3",
			"resolved": "https://registry.npmjs.org/mini-svg-data-uri/-/mini-svg-data-uri-1.2.3.tgz",
			"integrity": "sha512-zd6KCAyXgmq6FV1mR10oKXYtvmA9vRoB6xPSTUJTbFApCtkefDnYueVR1gkof3KcdLZo1Y8mjF2DFmQMIxsHNQ==",
			"dev": true
		},
		"perf-regexes": {
			"version": "1.0.1",
			"resolved": "https://registry.npmjs.org/perf-regexes/-/perf-regexes-1.0.1.tgz",
			"integrity": "sha512-L7MXxUDtqr4PUaLFCDCXBfGV/6KLIuSEccizDI7JxT+c9x1G1v04BQ4+4oag84SHaCdrBgQAIs/Cqn+flwFPng==",
			"dev": true
		},
		"picomatch": {
			"version": "2.2.2",
			"resolved": "https://registry.npmjs.org/picomatch/-/picomatch-2.2.2.tgz",
			"integrity": "sha512-q0M/9eZHzmr0AulXyPwNfZjtwZ/RBZlbN3K3CErVrk50T2ASYI7Bye0EvekFY3IP1Nt2DHu0re+V2ZHIpMkuWg==",
			"dev": true
		},
		"rollup": {
			"version": "2.33.2",
			"resolved": "https://registry.npmjs.org/rollup/-/rollup-2.33.2.tgz",
			"integrity": "sha512-QPQ6/fWCrzHtSXkI269rhKaC7qXGghYBwXU04b1JsDZ6ibZa3DJ9D1SFAYRMgx1inDg0DaTbb3N4Z1NK/r3fhw==",
			"dev": true,
			"requires": {
				"fsevents": "~2.1.2"
			}
		},
		"rollup-plugin-cleanup": {
			"version": "3.2.1",
			"resolved": "https://registry.npmjs.org/rollup-plugin-cleanup/-/rollup-plugin-cleanup-3.2.1.tgz",
			"integrity": "sha512-zuv8EhoO3TpnrU8MX8W7YxSbO4gmOR0ny06Lm3nkFfq0IVKdBUtHwhVzY1OAJyNCIAdLiyPnOrU0KnO0Fri1GQ==",
			"dev": true,
			"requires": {
				"js-cleanup": "^1.2.0",
				"rollup-pluginutils": "^2.8.2"
			}
		},
		"rollup-plugin-glsl": {
			"version": "1.3.0",
			"resolved": "https://registry.npmjs.org/rollup-plugin-glsl/-/rollup-plugin-glsl-1.3.0.tgz",
			"integrity": "sha512-iddxdkQmuo6Hfk5JuT2ntVe8D5hvZ+r3uyPotjIkF2JYNOEdamEWCnieoLGCcxU16pWFoV/tmu74qkeR5Q/ChQ==",
			"dev": true,
			"requires": {
				"magic-string": "^0.21.3",
				"rollup-pluginutils": "^2.0.1"
			}
		},
		"rollup-pluginutils": {
			"version": "2.8.2",
			"resolved": "https://registry.npmjs.org/rollup-pluginutils/-/rollup-pluginutils-2.8.2.tgz",
			"integrity": "sha512-EEp9NhnUkwY8aif6bxgovPHMoMoNr2FulJziTndpt5H9RdwC47GSGuII9XxpSdzVGM0GWrNPHV6ie1LTNJPaLQ==",
			"dev": true,
			"requires": {
				"estree-walker": "^0.6.1"
			},
			"dependencies": {
				"estree-walker": {
					"version": "0.6.1",
					"resolved": "https://registry.npmjs.org/estree-walker/-/estree-walker-0.6.1.tgz",
					"integrity": "sha512-SqmZANLWS0mnatqbSfRP5g8OXZC12Fgg1IwNtLsyHDzJizORW4khDfjPqJZsemPWBB2uqykUah5YpQ6epsqC/w==",
					"dev": true
				}
			}
		},
		"skip-regex": {
			"version": "1.0.2",
			"resolved": "https://registry.npmjs.org/skip-regex/-/skip-regex-1.0.2.tgz",
			"integrity": "sha512-pEjMUbwJ5Pl/6Vn6FsamXHXItJXSRftcibixDmNCWbWhic0hzHrwkMZo0IZ7fMRH9KxcWDFSkzhccB4285PutA==",
			"dev": true
		},
		"source-map": {
			"version": "0.6.1",
			"resolved": "https://registry.npmjs.org/source-map/-/source-map-0.6.1.tgz",
			"integrity": "sha512-UjgapumWlbMhkBgzT7Ykc5YXUT46F0iKu8SGXq0bcwP5dz/h0Plj6enJqjz1Zbq2l5WaqYnrVbwWOWMyF3F47g==",
			"dev": true
		},
		"sourcemap-codec": {
			"version": "1.4.8",
			"resolved": "https://registry.npmjs.org/sourcemap-codec/-/sourcemap-codec-1.4.8.tgz",
			"integrity": "sha512-9NykojV5Uih4lgo5So5dtw+f0JgJX30KCNI8gwhz2J9A15wD0Ml6tjHKwf6fTSa6fAdVBdZeNOs9eJ71qCk8vA==",
			"dev": true
		},
		"uglify-es": {
			"version": "3.3.9",
			"resolved": "https://registry.npmjs.org/uglify-es/-/uglify-es-3.3.9.tgz",
			"integrity": "sha512-r+MU0rfv4L/0eeW3xZrd16t4NZfK8Ld4SWVglYBb7ez5uXFWHuVRs6xCTrf1yirs9a4j4Y27nn7SRfO6v67XsQ==",
			"dev": true,
			"requires": {
				"commander": "~2.13.0",
				"source-map": "~0.6.1"
			}
		},
		"vlq": {
			"version": "0.2.3",
			"resolved": "https://registry.npmjs.org/vlq/-/vlq-0.2.3.tgz",
			"integrity": "sha512-DRibZL6DsNhIgYQ+wNdWDL2SL3bKPlVrRiBqV5yuMm++op8W4kGFtaQfCs4KEJn0wBZcHVHJ3eoywX8983k1ow==",
			"dev": true
		}
	}
}
